
Microsoft Visual Studio Solution File, Format Version 12.00
# Visual Studio Version 17
VisualStudioVersion = 17.7.34031.279
MinimumVisualStudioVersion = 10.0.40219.1
Project("{8BC9CEB8-8B4A-11D0-8D11-00A0C91BC942}") = "lab10.4", "lab10.4.vcxproj", "{AA5EE865-1001-4E9C-9877-86C15C38CA7D}"
EndProject
Global
	GlobalSection(SolutionConfigurationPlatforms) = preSolution
		Debug|x64 = Debug|x64
		Debug|x86 = Debug|x86
		Release|x64 = Release|x64
		Release|x86 = Release|x86
	EndGlobalSection
	GlobalSection(ProjectConfigurationPlatforms) = postSolution
		{AA5EE865-1001-4E9C-9877-86C15C38CA7D}.Debug|x64.ActiveCfg = Debug|x64
		{AA5EE865-1001-4E9C-9877-86C15C38CA7D}.Debug|x64.Build.0 = Debug|x64
		{AA5EE865-1001-4E9C-9877-86C15C38CA7D}.Debug|x86.ActiveCfg = Debug|Win32
		{AA5EE865-1001-4E9C-9877-86C15C38CA7D}.Debug|x86.Build.0 = Debug|Win32
		{AA5EE865-1001-4E9C-9877-86C15C38CA7D}.Release|x64.ActiveCfg = Release|x64
		{AA5EE865-1001-4E9C-9877-86C15C38CA7D}.Release|x64.Build.0 = Release|x64
		{AA5EE865-1001-4E9C-9877-86C15C38CA7D}.Release|x86.ActiveCfg = Release|Win32
		{AA5EE865-1001-4E9C-9877-86C15C38CA7D}.Release|x86.Build.0 = Release|Win32
	EndGlobalSection
	GlobalSection(SolutionProperties) = preSolution
		HideSolutionNode = FALSE
	EndGlobalSection
	GlobalSection(ExtensibilityGlobals) = postSolution
		SolutionGuid = {23EC8D86-11A2-4DF6-A0F5-0BFDFC9E141D}
	EndGlobalSection
EndGlobal
